# THIS IS AN AUTOGENERATED FILE. DO NOT EDIT THIS FILE DIRECTLY.
# yarn lockfile v1


dommatrix@^1.0.3:
  version "1.0.3"
  resolved "https://registry.yarnpkg.com/dommatrix/-/dommatrix-1.0.3.tgz#e7c18e8d6f3abdd1fef3dd4aa74c4d2e620a0525"
  integrity sha512-l32Xp/TLgWb8ReqbVJAFIvXmY7go4nTxxlWiAFyhoQw9RKEOHBZNnyGvJWqDVSPmq3Y9HlM4npqF/T6VMOXhww==

svg-path-commander@^1.0.5:
  version "1.0.5"
  resolved "https://registry.yarnpkg.com/svg-path-commander/-/svg-path-commander-1.0.5.tgz#99590f05795364af201ed9e29ad1b5b748c44629"
  integrity sha512-hhQfARVXoPrwwe4DNPWM4hjQLK7rTxwQ+TUc5mxoe5g0k5eStc4SPnKqmivlm/dzZ98bI+yDyKye92n2t+oOiQ==
  dependencies:
    dommatrix "^1.0.3"
